// !$*UTF8*$!
{
	archiveVersion = 1;
	classes = {
	};
	objectVersion = 45;
	objects = {

/* Begin PBXBuildFile section */
		18542B70145155ED0080D003 /* dataSentResult.m in Sources */ = {isa = PBXBuildFile; fileRef = 18542B6E145155ED0080D003 /* dataSentResult.m */; };
		18542B71145155ED0080D003 /* dataSentResult.xib in Resources */ = {isa = PBXBuildFile; fileRef = 18542B6F145155ED0080D003 /* dataSentResult.xib */; };
		18542B96145157F30080D003 /* AlertHandler.m in Sources */ = {isa = PBXBuildFile; fileRef = 18542B95145157F30080D003 /* AlertHandler.m */; };
		1866BC15146EA35C00D7BD37 /* GameKit.framework in Frameworks */ = {isa = PBXBuildFile; fileRef = 1866BC14146EA35C00D7BD37 /* GameKit.framework */; };
		186B5DA61451508F00866CD5 /* ListOfDevices.m in Sources */ = {isa = PBXBuildFile; fileRef = 186B5DA41451508F00866CD5 /* ListOfDevices.m */; };
		186B5DA71451508F00866CD5 /* ListOfDevices.xib in Resources */ = {isa = PBXBuildFile; fileRef = 186B5DA51451508F00866CD5 /* ListOfDevices.xib */; };
		189005381470DD470058CADF /* LibraryViewController.m in Sources */ = {isa = PBXBuildFile; fileRef = 189005361470DD470058CADF /* LibraryViewController.m */; };
		189005391470DD470058CADF /* LibraryViewController.xib in Resources */ = {isa = PBXBuildFile; fileRef = 189005371470DD470058CADF /* LibraryViewController.xib */; };
		189005801470E2A90058CADF /* MediaPlayer.framework in Frameworks */ = {isa = PBXBuildFile; fileRef = 1890057F1470E2A90058CADF /* MediaPlayer.framework */; };
		1890062C1470EB580058CADF /* MobileCoreServices.framework in Frameworks */ = {isa = PBXBuildFile; fileRef = 1890062B1470EB580058CADF /* MobileCoreServices.framework */; };
		18F84C6914751D03007C2DD3 /* AVFoundation.framework in Frameworks */ = {isa = PBXBuildFile; fileRef = 18F84C6814751D03007C2DD3 /* AVFoundation.framework */; };
		18F84CB014752236007C2DD3 /* 1.wav in Resources */ = {isa = PBXBuildFile; fileRef = 18F84CAF14752236007C2DD3 /* 1.wav */; };
		1D3623260D0F684500981E51 /* wifiConnectAppDelegate.m in Sources */ = {isa = PBXBuildFile; fileRef = 1D3623250D0F684500981E51 /* wifiConnectAppDelegate.m */; };
		1D60589B0D05DD56006BFB54 /* main.m in Sources */ = {isa = PBXBuildFile; fileRef = 29B97316FDCFA39411CA2CEA /* main.m */; };
		1D60589F0D05DD5A006BFB54 /* Foundation.framework in Frameworks */ = {isa = PBXBuildFile; fileRef = 1D30AB110D05D00D00671497 /* Foundation.framework */; };
		1DF5F4E00D08C38300B7A737 /* UIKit.framework in Frameworks */ = {isa = PBXBuildFile; fileRef = 1DF5F4DF0D08C38300B7A737 /* UIKit.framework */; };
		288765A50DF7441C002DB57D /* CoreGraphics.framework in Frameworks */ = {isa = PBXBuildFile; fileRef = 288765A40DF7441C002DB57D /* CoreGraphics.framework */; };
		2899E5220DE3E06400AC0155 /* wifiConnectViewController.xib in Resources */ = {isa = PBXBuildFile; fileRef = 2899E5210DE3E06400AC0155 /* wifiConnectViewController.xib */; };
		28AD733F0D9D9553002E5188 /* MainWindow.xib in Resources */ = {isa = PBXBuildFile; fileRef = 28AD733E0D9D9553002E5188 /* MainWindow.xib */; };
		28D7ACF80DDB3853001CB0EB /* wifiConnectViewController.m in Sources */ = {isa = PBXBuildFile; fileRef = 28D7ACF70DDB3853001CB0EB /* wifiConnectViewController.m */; };
/* End PBXBuildFile section */

/* Begin PBXFileReference section */
		18542B6D145155ED0080D003 /* dataSentResult.h */ = {isa = PBXFileReference; fileEncoding = 4; lastKnownFileType = sourcecode.c.h; path = dataSentResult.h; sourceTree = "<group>"; };
		18542B6E145155ED0080D003 /* dataSentResult.m */ = {isa = PBXFileReference; fileEncoding = 4; lastKnownFileType = sourcecode.c.objc; path = dataSentResult.m; sourceTree = "<group>"; };
		18542B6F145155ED0080D003 /* dataSentResult.xib */ = {isa = PBXFileReference; lastKnownFileType = file.xib; path = dataSentResult.xib; sourceTree = "<group>"; };
		18542B94145157F30080D003 /* AlertHandler.h */ = {isa = PBXFileReference; fileEncoding = 4; lastKnownFileType = sourcecode.c.h; path = AlertHandler.h; sourceTree = "<group>"; };
		18542B95145157F30080D003 /* AlertHandler.m */ = {isa = PBXFileReference; fileEncoding = 4; lastKnownFileType = sourcecode.c.objc; path = AlertHandler.m; sourceTree = "<group>"; };
		1866BC14146EA35C00D7BD37 /* GameKit.framework */ = {isa = PBXFileReference; lastKnownFileType = wrapper.framework; name = GameKit.framework; path = System/Library/Frameworks/GameKit.framework; sourceTree = SDKROOT; };
		186B5DA31451508F00866CD5 /* ListOfDevices.h */ = {isa = PBXFileReference; fileEncoding = 4; lastKnownFileType = sourcecode.c.h; path = ListOfDevices.h; sourceTree = "<group>"; };
		186B5DA41451508F00866CD5 /* ListOfDevices.m */ = {isa = PBXFileReference; fileEncoding = 4; lastKnownFileType = sourcecode.c.objc; path = ListOfDevices.m; sourceTree = "<group>"; };
		186B5DA51451508F00866CD5 /* ListOfDevices.xib */ = {isa = PBXFileReference; lastKnownFileType = file.xib; path = ListOfDevices.xib; sourceTree = "<group>"; };
		189005351470DD470058CADF /* LibraryViewController.h */ = {isa = PBXFileReference; fileEncoding = 4; lastKnownFileType = sourcecode.c.h; path = LibraryViewController.h; sourceTree = "<group>"; };
		189005361470DD470058CADF /* LibraryViewController.m */ = {isa = PBXFileReference; fileEncoding = 4; lastKnownFileType = sourcecode.c.objc; path = LibraryViewController.m; sourceTree = "<group>"; };
		189005371470DD470058CADF /* LibraryViewController.xib */ = {isa = PBXFileReference; lastKnownFileType = file.xib; path = LibraryViewController.xib; sourceTree = "<group>"; };
		1890057F1470E2A90058CADF /* MediaPlayer.framework */ = {isa = PBXFileReference; lastKnownFileType = wrapper.framework; name = MediaPlayer.framework; path = System/Library/Frameworks/MediaPlayer.framework; sourceTree = SDKROOT; };
		1890062B1470EB580058CADF /* MobileCoreServices.framework */ = {isa = PBXFileReference; lastKnownFileType = wrapper.framework; name = MobileCoreServices.framework; path = System/Library/Frameworks/MobileCoreServices.framework; sourceTree = SDKROOT; };
		18F84C6814751D03007C2DD3 /* AVFoundation.framework */ = {isa = PBXFileReference; lastKnownFileType = wrapper.framework; name = AVFoundation.framework; path = System/Library/Frameworks/AVFoundation.framework; sourceTree = SDKROOT; };
		18F84CAF14752236007C2DD3 /* 1.wav */ = {isa = PBXFileReference; lastKnownFileType = audio.wav; path = 1.wav; sourceTree = "<group>"; };
		1D30AB110D05D00D00671497 /* Foundation.framework */ = {isa = PBXFileReference; lastKnownFileType = wrapper.framework; name = Foundation.framework; path = System/Library/Frameworks/Foundation.framework; sourceTree = SDKROOT; };
		1D3623240D0F684500981E51 /* wifiConnectAppDelegate.h */ = {isa = PBXFileReference; fileEncoding = 4; lastKnownFileType = sourcecode.c.h; path = wifiConnectAppDelegate.h; sourceTree = "<group>"; };
		1D3623250D0F684500981E51 /* wifiConnectAppDelegate.m */ = {isa = PBXFileReference; fileEncoding = 4; lastKnownFileType = sourcecode.c.objc; path = wifiConnectAppDelegate.m; sourceTree = "<group>"; };
		1D6058910D05DD3D006BFB54 /* wifiConnect.app */ = {isa = PBXFileReference; explicitFileType = wrapper.application; includeInIndex = 0; path = wifiConnect.app; sourceTree = BUILT_PRODUCTS_DIR; };
		1DF5F4DF0D08C38300B7A737 /* UIKit.framework */ = {isa = PBXFileReference; lastKnownFileType = wrapper.framework; name = UIKit.framework; path = System/Library/Frameworks/UIKit.framework; sourceTree = SDKROOT; };
		288765A40DF7441C002DB57D /* CoreGraphics.framework */ = {isa = PBXFileReference; lastKnownFileType = wrapper.framework; name = CoreGraphics.framework; path = System/Library/Frameworks/CoreGraphics.framework; sourceTree = SDKROOT; };
		2899E5210DE3E06400AC0155 /* wifiConnectViewController.xib */ = {isa = PBXFileReference; lastKnownFileType = file.xib; name = wifiConnectViewController.xib; path = ../wifiConnectViewController.xib; sourceTree = "<group>"; };
		28AD733E0D9D9553002E5188 /* MainWindow.xib */ = {isa = PBXFileReference; lastKnownFileType = file.xib; path = MainWindow.xib; sourceTree = "<group>"; };
		28D7ACF60DDB3853001CB0EB /* wifiConnectViewController.h */ = {isa = PBXFileReference; fileEncoding = 4; lastKnownFileType = sourcecode.c.h; path = wifiConnectViewController.h; sourceTree = "<group>"; };
		28D7ACF70DDB3853001CB0EB /* wifiConnectViewController.m */ = {isa = PBXFileReference; fileEncoding = 4; lastKnownFileType = sourcecode.c.objc; path = wifiConnectViewController.m; sourceTree = "<group>"; };
		29B97316FDCFA39411CA2CEA /* main.m */ = {isa = PBXFileReference; fileEncoding = 4; lastKnownFileType = sourcecode.c.objc; path = main.m; sourceTree = "<group>"; };
		32CA4F630368D1EE00C91783 /* wifiConnect_Prefix.pch */ = {isa = PBXFileReference; fileEncoding = 4; lastKnownFileType = sourcecode.c.h; path = wifiConnect_Prefix.pch; sourceTree = "<group>"; };
		8D1107310486CEB800E47090 /* wifiConnect-Info.plist */ = {isa = PBXFileReference; fileEncoding = 4; lastKnownFileType = text.plist.xml; path = "wifiConnect-Info.plist"; plistStructureDefinitionIdentifier = "com.apple.xcode.plist.structure-definition.iphone.info-plist"; sourceTree = "<group>"; };
/* End PBXFileReference section */

/* Begin PBXFrameworksBuildPhase section */
		1D60588F0D05DD3D006BFB54 /* Frameworks */ = {
			isa = PBXFrameworksBuildPhase;
			buildActionMask = 2147483647;
			files = (
				1D60589F0D05DD5A006BFB54 /* Foundation.framework in Frameworks */,
				1DF5F4E00D08C38300B7A737 /* UIKit.framework in Frameworks */,
				288765A50DF7441C002DB57D /* CoreGraphics.framework in Frameworks */,
				1866BC15146EA35C00D7BD37 /* GameKit.framework in Frameworks */,
				189005801470E2A90058CADF /* MediaPlayer.framework in Frameworks */,
				1890062C1470EB580058CADF /* MobileCoreServices.framework in Frameworks */,
				18F84C6914751D03007C2DD3 /* AVFoundation.framework in Frameworks */,
			);
			runOnlyForDeploymentPostprocessing = 0;
		};
/* End PBXFrameworksBuildPhase section */

/* Begin PBXGroup section */
		080E96DDFE201D6D7F000001 /* Classes */ = {
			isa = PBXGroup;
			children = (
				18542B94145157F30080D003 /* AlertHandler.h */,
				18542B95145157F30080D003 /* AlertHandler.m */,
				1D3623240D0F684500981E51 /* wifiConnectAppDelegate.h */,
				1D3623250D0F684500981E51 /* wifiConnectAppDelegate.m */,
				28D7ACF60DDB3853001CB0EB /* wifiConnectViewController.h */,
				28D7ACF70DDB3853001CB0EB /* wifiConnectViewController.m */,
				2899E5210DE3E06400AC0155 /* wifiConnectViewController.xib */,
				189005351470DD470058CADF /* LibraryViewController.h */,
				189005361470DD470058CADF /* LibraryViewController.m */,
				189005371470DD470058CADF /* LibraryViewController.xib */,
				186B5DA31451508F00866CD5 /* ListOfDevices.h */,
				186B5DA41451508F00866CD5 /* ListOfDevices.m */,
				186B5DA51451508F00866CD5 /* ListOfDevices.xib */,
				18542B6D145155ED0080D003 /* dataSentResult.h */,
				18542B6E145155ED0080D003 /* dataSentResult.m */,
				18542B6F145155ED0080D003 /* dataSentResult.xib */,
			);
			path = Classes;
			sourceTree = "<group>";
		};
		19C28FACFE9D520D11CA2CBB /* Products */ = {
			isa = PBXGroup;
			children = (
				1D6058910D05DD3D006BFB54 /* wifiConnect.app */,
			);
			name = Products;
			sourceTree = "<group>";
		};
		29B97314FDCFA39411CA2CEA /* CustomTemplate */ = {
			isa = PBXGroup;
			children = (
				080E96DDFE201D6D7F000001 /* Classes */,
				29B97315FDCFA39411CA2CEA /* Other Sources */,
				29B97317FDCFA39411CA2CEA /* Resources */,
				29B97323FDCFA39411CA2CEA /* Frameworks */,
				19C28FACFE9D520D11CA2CBB /* Products */,
			);
			name = CustomTemplate;
			sourceTree = "<group>";
		};
		29B97315FDCFA39411CA2CEA /* Other Sources */ = {
			isa = PBXGroup;
			children = (
				32CA4F630368D1EE00C91783 /* wifiConnect_Prefix.pch */,
				29B97316FDCFA39411CA2CEA /* main.m */,
			);
			name = "Other Sources";
			sourceTree = "<group>";
		};
		29B97317FDCFA39411CA2CEA /* Resources */ = {
			isa = PBXGroup;
			children = (
				18F84CAF14752236007C2DD3 /* 1.wav */,
				28AD733E0D9D9553002E5188 /* MainWindow.xib */,
				8D1107310486CEB800E47090 /* wifiConnect-Info.plist */,
				1890057F1470E2A90058CADF /* MediaPlayer.framework */,
				18F84C6814751D03007C2DD3 /* AVFoundation.framework */,
			);
			name = Resources;
			sourceTree = "<group>";
		};
		29B97323FDCFA39411CA2CEA /* Frameworks */ = {
			isa = PBXGroup;
			children = (
				1DF5F4DF0D08C38300B7A737 /* UIKit.framework */,
				1D30AB110D05D00D00671497 /* Foundation.framework */,
				288765A40DF7441C002DB57D /* CoreGraphics.framework */,
				1866BC14146EA35C00D7BD37 /* GameKit.framework */,
				1890062B1470EB580058CADF /* MobileCoreServices.framework */,
			);
			name = Frameworks;
			sourceTree = "<group>";
		};
/* End PBXGroup section */

/* Begin PBXNativeTarget section */
		1D6058900D05DD3D006BFB54 /* wifiConnect */ = {
			isa = PBXNativeTarget;
			buildConfigurationList = 1D6058960D05DD3E006BFB54 /* Build configuration list for PBXNativeTarget "wifiConnect" */;
			buildPhases = (
				1D60588D0D05DD3D006BFB54 /* Resources */,
				1D60588E0D05DD3D006BFB54 /* Sources */,
				1D60588F0D05DD3D006BFB54 /* Frameworks */,
			);
			buildRules = (
			);
			dependencies = (
			);
			name = wifiConnect;
			productName = wifiConnect;
			productReference = 1D6058910D05DD3D006BFB54 /* wifiConnect.app */;
			productType = "com.apple.product-type.application";
		};
/* End PBXNativeTarget section */

/* Begin PBXProject section */
		29B97313FDCFA39411CA2CEA /* Project object */ = {
			isa = PBXProject;
			buildConfigurationList = C01FCF4E08A954540054247B /* Build configuration list for PBXProject "wifiConnect" */;
			compatibilityVersion = "Xcode 3.1";
			developmentRegion = English;
			hasScannedForEncodings = 1;
			knownRegions = (
				English,
				Japanese,
				French,
				German,
			);
			mainGroup = 29B97314FDCFA39411CA2CEA /* CustomTemplate */;
			projectDirPath = "";
			projectRoot = "";
			targets = (
				1D6058900D05DD3D006BFB54 /* wifiConnect */,
			);
		};
/* End PBXProject section */

/* Begin PBXResourcesBuildPhase section */
		1D60588D0D05DD3D006BFB54 /* Resources */ = {
			isa = PBXResourcesBuildPhase;
			buildActionMask = 2147483647;
			files = (
				28AD733F0D9D9553002E5188 /* MainWindow.xib in Resources */,
				2899E5220DE3E06400AC0155 /* wifiConnectViewController.xib in Resources */,
				186B5DA71451508F00866CD5 /* ListOfDevices.xib in Resources */,
				18542B71145155ED0080D003 /* dataSentResult.xib in Resources */,
				189005391470DD470058CADF /* LibraryViewController.xib in Resources */,
				18F84CB014752236007C2DD3 /* 1.wav in Resources */,
			);
			runOnlyForDeploymentPostprocessing = 0;
		};
/* End PBXResourcesBuildPhase section */

/* Begin PBXSourcesBuildPhase section */
		1D60588E0D05DD3D006BFB54 /* Sources */ = {
			isa = PBXSourcesBuildPhase;
			buildActionMask = 2147483647;
			files = (
				1D60589B0D05DD56006BFB54 /* main.m in Sources */,
				1D3623260D0F684500981E51 /* wifiConnectAppDelegate.m in Sources */,
				28D7ACF80DDB3853001CB0EB /* wifiConnectViewController.m in Sources */,
				186B5DA61451508F00866CD5 /* ListOfDevices.m in Sources */,
				18542B70145155ED0080D003 /* dataSentResult.m in Sources */,
				18542B96145157F30080D003 /* AlertHandler.m in Sources */,
				189005381470DD470058CADF /* LibraryViewController.m in Sources */,
			);
			runOnlyForDeploymentPostprocessing = 0;
		};
/* End PBXSourcesBuildPhase section */

/* Begin XCBuildConfiguration section */
		1D6058940D05DD3E006BFB54 /* Debug */ = {
			isa = XCBuildConfiguration;
			buildSettings = {
				ALWAYS_SEARCH_USER_PATHS = NO;
				CODE_SIGN_IDENTITY = "iPhone Developer: Jayneel Patel (4EF63K9DH2)";
				"CODE_SIGN_IDENTITY[sdk=iphoneos*]" = "iPhone Developer: Jayneel Patel (4EF63K9DH2)";
				COPY_PHASE_STRIP = NO;
				GCC_DYNAMIC_NO_PIC = NO;
				GCC_OPTIMIZATION_LEVEL = 0;
				GCC_PRECOMPILE_PREFIX_HEADER = YES;
				GCC_PREFIX_HEADER = wifiConnect_Prefix.pch;
				INFOPLIST_FILE = "wifiConnect-Info.plist";
				PRODUCT_NAME = wifiConnect;
				PROVISIONING_PROFILE = "FA978174-3993-4BB4-B518-E3E83172E54D";
				"PROVISIONING_PROFILE[sdk=iphoneos*]" = "FA978174-3993-4BB4-B518-E3E83172E54D";
				SDKROOT = iphoneos4.2;
			};
			name = Debug;
		};
		1D6058950D05DD3E006BFB54 /* Release */ = {
			isa = XCBuildConfiguration;
			buildSettings = {
				ALWAYS_SEARCH_USER_PATHS = NO;
				CODE_SIGN_IDENTITY = "iPhone Developer: Jayneel Patel (4EF63K9DH2)";
				"CODE_SIGN_IDENTITY[sdk=iphoneos*]" = "iPhone Developer: Jayneel Patel (4EF63K9DH2)";
				COPY_PHASE_STRIP = YES;
				GCC_PRECOMPILE_PREFIX_HEADER = YES;
				GCC_PREFIX_HEADER = wifiConnect_Prefix.pch;
				INFOPLIST_FILE = "wifiConnect-Info.plist";
				PRODUCT_NAME = wifiConnect;
				PROVISIONING_PROFILE = "FA978174-3993-4BB4-B518-E3E83172E54D";
				"PROVISIONING_PROFILE[sdk=iphoneos*]" = "FA978174-3993-4BB4-B518-E3E83172E54D";
				SDKROOT = iphoneos4.2;
				VALIDATE_PRODUCT = YES;
			};
			name = Release;
		};
		C01FCF4F08A954540054247B /* Debug */ = {
			isa = XCBuildConfiguration;
			buildSettings = {
				ARCHS = "$(ARCHS_STANDARD_32_BIT)";
				CODE_SIGN_IDENTITY = "iPhone Developer: Jayneel Patel (4EF63K9DH2)";
				"CODE_SIGN_IDENTITY[sdk=iphoneos*]" = "iPhone Developer: Jayneel Patel (4EF63K9DH2)";
				GCC_C_LANGUAGE_STANDARD = c99;
				GCC_WARN_ABOUT_RETURN_TYPE = YES;
				GCC_WARN_UNUSED_VARIABLE = YES;
				PREBINDING = NO;
				PROVISIONING_PROFILE = "FA978174-3993-4BB4-B518-E3E83172E54D";
				"PROVISIONING_PROFILE[sdk=iphoneos*]" = "FA978174-3993-4BB4-B518-E3E83172E54D";
				SDKROOT = iphoneos4.2;
			};
			name = Debug;
		};
		C01FCF5008A954540054247B /* Release */ = {
			isa = XCBuildConfiguration;
			buildSettings = {
				ARCHS = "$(ARCHS_STANDARD_32_BIT)";
				CODE_SIGN_IDENTITY = "iPhone Developer: Jayneel Patel (4EF63K9DH2)";
				"CODE_SIGN_IDENTITY[sdk=iphoneos*]" = "iPhone Developer: Jayneel Patel (4EF63K9DH2)";
				GCC_C_LANGUAGE_STANDARD = c99;
				GCC_WARN_ABOUT_RETURN_TYPE = YES;
				GCC_WARN_UNUSED_VARIABLE = YES;
				OTHER_CFLAGS = "-DNS_BLOCK_ASSERTIONS=1";
				PREBINDING = NO;
				PROVISIONING_PROFILE = "FA978174-3993-4BB4-B518-E3E83172E54D";
				"PROVISIONING_PROFILE[sdk=iphoneos*]" = "FA978174-3993-4BB4-B518-E3E83172E54D";
				SDKROOT = iphoneos4.2;
			};
			name = Release;
		};
/* End XCBuildConfiguration section */

/* Begin XCConfigurationList section */
		1D6058960D05DD3E006BFB54 /* Build configuration list for PBXNativeTarget "wifiConnect" */ = {
			isa = XCConfigurationList;
			buildConfigurations = (
				1D6058940D05DD3E006BFB54 /* Debug */,
				1D6058950D05DD3E006BFB54 /* Release */,
			);
			defaultConfigurationIsVisible = 0;
			defaultConfigurationName = Release;
		};
		C01FCF4E08A954540054247B /* Build configuration list for PBXProject "wifiConnect" */ = {
			isa = XCConfigurationList;
			buildConfigurations = (
				C01FCF4F08A954540054247B /* Debug */,
				C01FCF5008A954540054247B /* Release */,
			);
			defaultConfigurationIsVisible = 0;
			defaultConfigurationName = Release;
		};
/* End XCConfigurationList section */
	};
	rootObject = 29B97313FDCFA39411CA2CEA /* Project object */;
}
